
Microsoft Visual Studio Solution File, Format Version 12.00
# Visual Studio Version 17
VisualStudioVersion = 17.14.36327.8
MinimumVisualStudioVersion = 10.0.40219.1
Project("{FAE04EC0-301F-11D3-BF4B-00C04F79EFBC}") = "ASP.NET Core Web API", "ASP.NET Core Web API\ASP.NET Core Web API.csproj", "{36E169DE-5549-CD74-74E1-26EF2B32DC8D}"
EndProject
Project("{FAE04EC0-301F-11D3-BF4B-00C04F79EFBC}") = "MES_System.Application", "MES_System.Application\MES_System.Application.csproj", "{3AD000AD-D6A4-B6F0-456D-56D0CCA79A1D}"
EndProject
Project("{FAE04EC0-301F-11D3-BF4B-00C04F79EFBC}") = "MES_System.Domain", "MES_System.Domain\MES_System.Domain.csproj", "{E432BD64-F76B-7157-6831-24B47F4842D7}"
EndProject
Project("{FAE04EC0-301F-11D3-BF4B-00C04F79EFBC}") = "MES_System.Infrastructure", "MES_System.Infrastructure\MES_System.Infrastructure.csproj", "{9561E8B5-60C8-6796-63CD-D4545866C590}"
EndProject
Project("{FAE04EC0-301F-11D3-BF4B-00C04F79EFBC}") = "MES_System.Application.Tests", "MES_System.Application.Tests\MES_System.Application.Tests.csproj", "{9BD6A7DA-0E1C-460F-8FE5-40475B798586}"
EndProject
Project("{FAE04EC0-301F-11D3-BF4B-00C04F79EFBC}") = "MES_System.Client", "MES_System.Client\MES_System.Client.csproj", "{9363F002-A274-4DCA-8E74-87CDC6E2C1E3}"
EndProject
Global
	GlobalSection(SolutionConfigurationPlatforms) = preSolution
		Debug|Any CPU = Debug|Any CPU
		Release|Any CPU = Release|Any CPU
	EndGlobalSection
	GlobalSection(ProjectConfigurationPlatforms) = postSolution
		{36E169DE-5549-CD74-74E1-26EF2B32DC8D}.Debug|Any CPU.ActiveCfg = Debug|Any CPU
		{36E169DE-5549-CD74-74E1-26EF2B32DC8D}.Debug|Any CPU.Build.0 = Debug|Any CPU
		{36E169DE-5549-CD74-74E1-26EF2B32DC8D}.Release|Any CPU.ActiveCfg = Release|Any CPU
		{36E169DE-5549-CD74-74E1-26EF2B32DC8D}.Release|Any CPU.Build.0 = Release|Any CPU
		{3AD000AD-D6A4-B6F0-456D-56D0CCA79A1D}.Debug|Any CPU.ActiveCfg = Debug|Any CPU
		{3AD000AD-D6A4-B6F0-456D-56D0CCA79A1D}.Debug|Any CPU.Build.0 = Debug|Any CPU
		{3AD000AD-D6A4-B6F0-456D-56D0CCA79A1D}.Release|Any CPU.ActiveCfg = Release|Any CPU
		{3AD000AD-D6A4-B6F0-456D-56D0CCA79A1D}.Release|Any CPU.Build.0 = Release|Any CPU
		{E432BD64-F76B-7157-6831-24B47F4842D7}.Debug|Any CPU.ActiveCfg = Debug|Any CPU
		{E432BD64-F76B-7157-6831-24B47F4842D7}.Debug|Any CPU.Build.0 = Debug|Any CPU
		{E432BD64-F76B-7157-6831-24B47F4842D7}.Release|Any CPU.ActiveCfg = Release|Any CPU
		{E432BD64-F76B-7157-6831-24B47F4842D7}.Release|Any CPU.Build.0 = Release|Any CPU
		{9561E8B5-60C8-6796-63CD-D4545866C590}.Debug|Any CPU.ActiveCfg = Debug|Any CPU
		{9561E8B5-60C8-6796-63CD-D4545866C590}.Debug|Any CPU.Build.0 = Debug|Any CPU
		{9561E8B5-60C8-6796-63CD-D4545866C590}.Release|Any CPU.ActiveCfg = Release|Any CPU
		{9561E8B5-60C8-6796-63CD-D4545866C590}.Release|Any CPU.Build.0 = Release|Any CPU
		{9BD6A7DA-0E1C-460F-8FE5-40475B798586}.Debug|Any CPU.ActiveCfg = Debug|Any CPU
		{9BD6A7DA-0E1C-460F-8FE5-40475B798586}.Debug|Any CPU.Build.0 = Debug|Any CPU
		{9BD6A7DA-0E1C-460F-8FE5-40475B798586}.Release|Any CPU.ActiveCfg = Release|Any CPU
		{9BD6A7DA-0E1C-460F-8FE5-40475B798586}.Release|Any CPU.Build.0 = Release|Any CPU
		{9363F002-A274-4DCA-8E74-87CDC6E2C1E3}.Debug|Any CPU.ActiveCfg = Debug|Any CPU
		{9363F002-A274-4DCA-8E74-87CDC6E2C1E3}.Debug|Any CPU.Build.0 = Debug|Any CPU
		{9363F002-A274-4DCA-8E74-87CDC6E2C1E3}.Release|Any CPU.ActiveCfg = Release|Any CPU
		{9363F002-A274-4DCA-8E74-87CDC6E2C1E3}.Release|Any CPU.Build.0 = Release|Any CPU
	EndGlobalSection
	GlobalSection(SolutionProperties) = preSolution
		HideSolutionNode = FALSE
	EndGlobalSection
	GlobalSection(ExtensibilityGlobals) = postSolution
		SolutionGuid = {9EB0EFC1-0DB8-4E3F-9B1F-56B3778A7F89}
	EndGlobalSection
EndGlobal
